// !$*UTF8*$!
{
	archiveVersion = 1;
	classes = {
	};
	objectVersion = 51;
	objects = {

/* Begin PBXBuildFile section */
		0409864C2463242F00F7A55F /* CameraSetupScreen.swift in Sources */ = {isa = PBXBuildFile; fileRef = 0409864B2463242F00F7A55F /* CameraSetupScreen.swift */; };
		043314E12461D1A6002F0221 /* OnboardingPageViewController.swift in Sources */ = {isa = PBXBuildFile; fileRef = 043314E02461D1A6002F0221 /* OnboardingPageViewController.swift */; };
		045CA3B324608D2D00D3243F /* Onboarding.storyboard in Resources */ = {isa = PBXBuildFile; fileRef = 045CA3B224608D2D00D3243F /* Onboarding.storyboard */; };
		045CA3B52460951300D3243F /* Onboarding1ViewController.swift in Sources */ = {isa = PBXBuildFile; fileRef = 045CA3B42460951300D3243F /* Onboarding1ViewController.swift */; };
		045CA3B72460975F00D3243F /* NSMutableAttributedString+Extensions.swift in Sources */ = {isa = PBXBuildFile; fileRef = 045CA3B62460975F00D3243F /* NSMutableAttributedString+Extensions.swift */; };
		752B05072460A76B00697D26 /* SFProDisplay-Regular.ttf in Resources */ = {isa = PBXBuildFile; fileRef = 752B05062460A76B00697D26 /* SFProDisplay-Regular.ttf */; };
		752B05092460A78D00697D26 /* SFProDisplay-Bold.ttf in Resources */ = {isa = PBXBuildFile; fileRef = 752B05082460A78D00697D26 /* SFProDisplay-Bold.ttf */; };
		752B050B2460A7AD00697D26 /* SFProDisplay-Thin.ttf in Resources */ = {isa = PBXBuildFile; fileRef = 752B050A2460A7AC00697D26 /* SFProDisplay-Thin.ttf */; };
		7537A4042460AA680057AD49 /* SFMono-Regular.otf in Resources */ = {isa = PBXBuildFile; fileRef = 7537A4032460AA680057AD49 /* SFMono-Regular.otf */; };
		7537A4062460AC3B0057AD49 /* AlarmsViewController.swift in Sources */ = {isa = PBXBuildFile; fileRef = 7537A4052460AC3B0057AD49 /* AlarmsViewController.swift */; };
		7537A4092460B8360057AD49 /* Date+Extensions.swift in Sources */ = {isa = PBXBuildFile; fileRef = 7537A4082460B8360057AD49 /* Date+Extensions.swift */; };
		7577D0BD2460883700708244 /* Alarm.swift in Sources */ = {isa = PBXBuildFile; fileRef = 7577D0BC2460883700708244 /* Alarm.swift */; };
		7577D0C0246094B000708244 /* Database.swift in Sources */ = {isa = PBXBuildFile; fileRef = 7577D0BF246094B000708244 /* Database.swift */; };
		7577D0C224609F9300708244 /* Alarms.storyboard in Resources */ = {isa = PBXBuildFile; fileRef = 7577D0C124609F9300708244 /* Alarms.storyboard */; };
		7577D0C42460A64900708244 /* AlarmTableViewCell.swift in Sources */ = {isa = PBXBuildFile; fileRef = 7577D0C32460A64900708244 /* AlarmTableViewCell.swift */; };
		75AE72162461DB96003E3399 /* AnyCodable.swift in Sources */ = {isa = PBXBuildFile; fileRef = 75AE72152461DB96003E3399 /* AnyCodable.swift */; };
		75AE72182461E04D003E3399 /* AddAlarmViewController.swift in Sources */ = {isa = PBXBuildFile; fileRef = 75AE72172461E04D003E3399 /* AddAlarmViewController.swift */; };
		75DDF53F24632A0900889975 /* NotificationHelper.swift in Sources */ = {isa = PBXBuildFile; fileRef = 75DDF53E24632A0900889975 /* NotificationHelper.swift */; };
		75DDF54424632F2300889975 /* AudioPlayer.swift in Sources */ = {isa = PBXBuildFile; fileRef = 75DDF54324632F2300889975 /* AudioPlayer.swift */; };
		75DDF54824634B9000889975 /* Alarm.mp3 in Resources */ = {isa = PBXBuildFile; fileRef = 75DDF54724634B9000889975 /* Alarm.mp3 */; };
		AA16E5A22180843800D9E153 /* InfoCell.swift in Sources */ = {isa = PBXBuildFile; fileRef = AA16E5A12180843700D9E153 /* InfoCell.swift */; };
		AA5B0EEA217E5E300026FF23 /* InferenceViewController.swift in Sources */ = {isa = PBXBuildFile; fileRef = AA5B0EE9217E5E300026FF23 /* InferenceViewController.swift */; };
		AA5B0EEC217E70000026FF23 /* CurvedView.swift in Sources */ = {isa = PBXBuildFile; fileRef = AA5B0EEB217E70000026FF23 /* CurvedView.swift */; };
		AA5FEB7D21355CCC00F9BD4B /* mobilenet_quant_v1_224.tflite in Resources */ = {isa = PBXBuildFile; fileRef = AA5FEB7B21355CCC00F9BD4B /* mobilenet_quant_v1_224.tflite */; };
		AA5FEB7E21355CCC00F9BD4B /* labels.txt in Resources */ = {isa = PBXBuildFile; fileRef = AA5FEB7C21355CCC00F9BD4B /* labels.txt */; };
		AAAB096E218981FA0015A1F2 /* CVPixelBufferExtension.swift in Sources */ = {isa = PBXBuildFile; fileRef = AAAB096D218981FA0015A1F2 /* CVPixelBufferExtension.swift */; };
		AABFCBB2213FE0B100C0A67B /* ModelDataHandler.swift in Sources */ = {isa = PBXBuildFile; fileRef = AABFCBB1213FE0B100C0A67B /* ModelDataHandler.swift */; };
		AAE79E5A213521DA00E7AC1F /* AppDelegate.swift in Sources */ = {isa = PBXBuildFile; fileRef = AAE79E59213521DA00E7AC1F /* AppDelegate.swift */; };
		AAE79E5F213521DA00E7AC1F /* Main.storyboard in Resources */ = {isa = PBXBuildFile; fileRef = AAE79E5D213521DA00E7AC1F /* Main.storyboard */; };
		AAE79E61213521DB00E7AC1F /* Assets.xcassets in Resources */ = {isa = PBXBuildFile; fileRef = AAE79E60213521DB00E7AC1F /* Assets.xcassets */; };
		AAE79E64213521DB00E7AC1F /* LaunchScreen.storyboard in Resources */ = {isa = PBXBuildFile; fileRef = AAE79E62213521DB00E7AC1F /* LaunchScreen.storyboard */; };
		AAE79E952135237A00E7AC1F /* ViewController.swift in Sources */ = {isa = PBXBuildFile; fileRef = AAE79E942135237A00E7AC1F /* ViewController.swift */; };
		AAE79E9A2135268800E7AC1F /* PreviewView.swift in Sources */ = {isa = PBXBuildFile; fileRef = AAE79E982135268800E7AC1F /* PreviewView.swift */; };
		AAE79E9B2135268800E7AC1F /* CameraFeedManager.swift in Sources */ = {isa = PBXBuildFile; fileRef = AAE79E992135268800E7AC1F /* CameraFeedManager.swift */; };
		E797F9022460912000F1D359 /* ResultTableViewCell.swift in Sources */ = {isa = PBXBuildFile; fileRef = E797F9012460912000F1D359 /* ResultTableViewCell.swift */; };
		E7DAF13E245B69BC0073E8C2 /* ResultsViewController.swift in Sources */ = {isa = PBXBuildFile; fileRef = E7DAF13D245B69BC0073E8C2 /* ResultsViewController.swift */; };
		FA788B881E6A78BDBE204368 /* Pods_ImageClassification.framework in Frameworks */ = {isa = PBXBuildFile; fileRef = C19D0F9B3832319248B9C534 /* Pods_ImageClassification.framework */; };
/* End PBXBuildFile section */

/* Begin PBXFileReference section */
		0409864B2463242F00F7A55F /* CameraSetupScreen.swift */ = {isa = PBXFileReference; lastKnownFileType = sourcecode.swift; name = CameraSetupScreen.swift; path = ImageClassification/Extensions/CameraSetupScreen.swift; sourceTree = SOURCE_ROOT; };
		043314E02461D1A6002F0221 /* OnboardingPageViewController.swift */ = {isa = PBXFileReference; lastKnownFileType = sourcecode.swift; name = OnboardingPageViewController.swift; path = ImageClassification/Extensions/OnboardingPageViewController.swift; sourceTree = SOURCE_ROOT; };
		045CA3B224608D2D00D3243F /* Onboarding.storyboard */ = {isa = PBXFileReference; lastKnownFileType = file.storyboard; path = Onboarding.storyboard; sourceTree = SOURCE_ROOT; };
		045CA3B42460951300D3243F /* Onboarding1ViewController.swift */ = {isa = PBXFileReference; lastKnownFileType = sourcecode.swift; path = Onboarding1ViewController.swift; sourceTree = SOURCE_ROOT; };
		045CA3B62460975F00D3243F /* NSMutableAttributedString+Extensions.swift */ = {isa = PBXFileReference; lastKnownFileType = sourcecode.swift; path = "NSMutableAttributedString+Extensions.swift"; sourceTree = "<group>"; };
		752B05062460A76B00697D26 /* SFProDisplay-Regular.ttf */ = {isa = PBXFileReference; lastKnownFileType = file; path = "SFProDisplay-Regular.ttf"; sourceTree = "<group>"; };
		752B05082460A78D00697D26 /* SFProDisplay-Bold.ttf */ = {isa = PBXFileReference; lastKnownFileType = file; path = "SFProDisplay-Bold.ttf"; sourceTree = "<group>"; };
		752B050A2460A7AC00697D26 /* SFProDisplay-Thin.ttf */ = {isa = PBXFileReference; lastKnownFileType = file; path = "SFProDisplay-Thin.ttf"; sourceTree = "<group>"; };
		7537A4032460AA680057AD49 /* SFMono-Regular.otf */ = {isa = PBXFileReference; lastKnownFileType = file; path = "SFMono-Regular.otf"; sourceTree = "<group>"; };
		7537A4052460AC3B0057AD49 /* AlarmsViewController.swift */ = {isa = PBXFileReference; lastKnownFileType = sourcecode.swift; path = AlarmsViewController.swift; sourceTree = "<group>"; };
		7537A4082460B8360057AD49 /* Date+Extensions.swift */ = {isa = PBXFileReference; lastKnownFileType = sourcecode.swift; path = "Date+Extensions.swift"; sourceTree = "<group>"; };
		7577D0BC2460883700708244 /* Alarm.swift */ = {isa = PBXFileReference; lastKnownFileType = sourcecode.swift; path = Alarm.swift; sourceTree = "<group>"; };
		7577D0BF246094B000708244 /* Database.swift */ = {isa = PBXFileReference; lastKnownFileType = sourcecode.swift; path = Database.swift; sourceTree = "<group>"; };
		7577D0C124609F9300708244 /* Alarms.storyboard */ = {isa = PBXFileReference; lastKnownFileType = file.storyboard; path = Alarms.storyboard; sourceTree = "<group>"; };
		7577D0C32460A64900708244 /* AlarmTableViewCell.swift */ = {isa = PBXFileReference; lastKnownFileType = sourcecode.swift; path = AlarmTableViewCell.swift; sourceTree = "<group>"; };
		75AE72152461DB96003E3399 /* AnyCodable.swift */ = {isa = PBXFileReference; lastKnownFileType = sourcecode.swift; path = AnyCodable.swift; sourceTree = "<group>"; };
		75AE72172461E04D003E3399 /* AddAlarmViewController.swift */ = {isa = PBXFileReference; lastKnownFileType = sourcecode.swift; path = AddAlarmViewController.swift; sourceTree = "<group>"; };
		75DDF53E24632A0900889975 /* NotificationHelper.swift */ = {isa = PBXFileReference; lastKnownFileType = sourcecode.swift; path = NotificationHelper.swift; sourceTree = "<group>"; };
		75DDF54324632F2300889975 /* AudioPlayer.swift */ = {isa = PBXFileReference; lastKnownFileType = sourcecode.swift; path = AudioPlayer.swift; sourceTree = "<group>"; };
		75DDF54724634B9000889975 /* Alarm.mp3 */ = {isa = PBXFileReference; lastKnownFileType = audio.mp3; path = Alarm.mp3; sourceTree = "<group>"; };
		AA16E5A12180843700D9E153 /* InfoCell.swift */ = {isa = PBXFileReference; fileEncoding = 4; lastKnownFileType = sourcecode.swift; path = InfoCell.swift; sourceTree = "<group>"; };
		AA5B0EE9217E5E300026FF23 /* InferenceViewController.swift */ = {isa = PBXFileReference; lastKnownFileType = sourcecode.swift; path = InferenceViewController.swift; sourceTree = "<group>"; };
		AA5B0EEB217E70000026FF23 /* CurvedView.swift */ = {isa = PBXFileReference; fileEncoding = 4; lastKnownFileType = sourcecode.swift; path = CurvedView.swift; sourceTree = "<group>"; };
		AA5FEB7B21355CCC00F9BD4B /* mobilenet_quant_v1_224.tflite */ = {isa = PBXFileReference; lastKnownFileType = file; path = mobilenet_quant_v1_224.tflite; sourceTree = "<group>"; };
		AA5FEB7C21355CCC00F9BD4B /* labels.txt */ = {isa = PBXFileReference; fileEncoding = 4; lastKnownFileType = text; path = labels.txt; sourceTree = "<group>"; };
		AAAB096D218981FA0015A1F2 /* CVPixelBufferExtension.swift */ = {isa = PBXFileReference; lastKnownFileType = sourcecode.swift; path = CVPixelBufferExtension.swift; sourceTree = "<group>"; };
		AABFCBB1213FE0B100C0A67B /* ModelDataHandler.swift */ = {isa = PBXFileReference; fileEncoding = 4; lastKnownFileType = sourcecode.swift; path = ModelDataHandler.swift; sourceTree = "<group>"; };
		AAE79E56213521DA00E7AC1F /* Get Up!.app */ = {isa = PBXFileReference; explicitFileType = wrapper.application; includeInIndex = 0; path = "Get Up!.app"; sourceTree = BUILT_PRODUCTS_DIR; };
		AAE79E59213521DA00E7AC1F /* AppDelegate.swift */ = {isa = PBXFileReference; lastKnownFileType = sourcecode.swift; path = AppDelegate.swift; sourceTree = "<group>"; };
		AAE79E5E213521DA00E7AC1F /* Base */ = {isa = PBXFileReference; lastKnownFileType = file.storyboard; name = Base; path = Base.lproj/Main.storyboard; sourceTree = "<group>"; };
		AAE79E60213521DB00E7AC1F /* Assets.xcassets */ = {isa = PBXFileReference; lastKnownFileType = folder.assetcatalog; path = Assets.xcassets; sourceTree = "<group>"; };
		AAE79E63213521DB00E7AC1F /* Base */ = {isa = PBXFileReference; lastKnownFileType = file.storyboard; name = Base; path = Base.lproj/LaunchScreen.storyboard; sourceTree = "<group>"; };
		AAE79E65213521DB00E7AC1F /* Info.plist */ = {isa = PBXFileReference; lastKnownFileType = text.plist.xml; path = Info.plist; sourceTree = "<group>"; };
		AAE79E942135237A00E7AC1F /* ViewController.swift */ = {isa = PBXFileReference; fileEncoding = 4; lastKnownFileType = sourcecode.swift; path = ViewController.swift; sourceTree = "<group>"; };
		AAE79E982135268800E7AC1F /* PreviewView.swift */ = {isa = PBXFileReference; fileEncoding = 4; lastKnownFileType = sourcecode.swift; path = PreviewView.swift; sourceTree = "<group>"; };
		AAE79E992135268800E7AC1F /* CameraFeedManager.swift */ = {isa = PBXFileReference; fileEncoding = 4; lastKnownFileType = sourcecode.swift; path = CameraFeedManager.swift; sourceTree = "<group>"; };
		AF4302742A60273F487FDE66 /* Pods-ImageClassification.release.xcconfig */ = {isa = PBXFileReference; includeInIndex = 1; lastKnownFileType = text.xcconfig; name = "Pods-ImageClassification.release.xcconfig"; path = "Target Support Files/Pods-ImageClassification/Pods-ImageClassification.release.xcconfig"; sourceTree = "<group>"; };
		C1082DD6654FFCDAEA2E97A3 /* Pods-ImageClassification.debug.xcconfig */ = {isa = PBXFileReference; includeInIndex = 1; lastKnownFileType = text.xcconfig; name = "Pods-ImageClassification.debug.xcconfig"; path = "Target Support Files/Pods-ImageClassification/Pods-ImageClassification.debug.xcconfig"; sourceTree = "<group>"; };
		C19D0F9B3832319248B9C534 /* Pods_ImageClassification.framework */ = {isa = PBXFileReference; explicitFileType = wrapper.framework; includeInIndex = 0; path = Pods_ImageClassification.framework; sourceTree = BUILT_PRODUCTS_DIR; };
		E797F9012460912000F1D359 /* ResultTableViewCell.swift */ = {isa = PBXFileReference; lastKnownFileType = sourcecode.swift; path = ResultTableViewCell.swift; sourceTree = "<group>"; };
		E7DAF13D245B69BC0073E8C2 /* ResultsViewController.swift */ = {isa = PBXFileReference; lastKnownFileType = sourcecode.swift; path = ResultsViewController.swift; sourceTree = "<group>"; };
/* End PBXFileReference section */

/* Begin PBXFrameworksBuildPhase section */
		AAE79E53213521DA00E7AC1F /* Frameworks */ = {
			isa = PBXFrameworksBuildPhase;
			buildActionMask = 2147483647;
			files = (
				FA788B881E6A78BDBE204368 /* Pods_ImageClassification.framework in Frameworks */,
			);
			runOnlyForDeploymentPostprocessing = 0;
		};
/* End PBXFrameworksBuildPhase section */

/* Begin PBXGroup section */
		2121CCF34F73FF6AC95AFD6C /* Pods */ = {
			isa = PBXGroup;
			children = (
				C1082DD6654FFCDAEA2E97A3 /* Pods-ImageClassification.debug.xcconfig */,
				AF4302742A60273F487FDE66 /* Pods-ImageClassification.release.xcconfig */,
			);
			path = Pods;
			sourceTree = "<group>";
		};
		6C2355588BC9526892FAB643 /* Frameworks */ = {
			isa = PBXGroup;
			children = (
				C19D0F9B3832319248B9C534 /* Pods_ImageClassification.framework */,
			);
			name = Frameworks;
			sourceTree = "<group>";
		};
		752B05042460A71400697D26 /* Assets */ = {
			isa = PBXGroup;
			children = (
				75DDF54024632DC100889975 /* Sounds */,
				752B05052460A71F00697D26 /* Fonts */,
			);
			path = Assets;
			sourceTree = "<group>";
		};
		752B05052460A71F00697D26 /* Fonts */ = {
			isa = PBXGroup;
			children = (
				752B050A2460A7AC00697D26 /* SFProDisplay-Thin.ttf */,
				752B05082460A78D00697D26 /* SFProDisplay-Bold.ttf */,
				752B05062460A76B00697D26 /* SFProDisplay-Regular.ttf */,
				7537A4032460AA680057AD49 /* SFMono-Regular.otf */,
			);
			path = Fonts;
			sourceTree = "<group>";
		};
		7537A4072460B8270057AD49 /* Extensions */ = {
			isa = PBXGroup;
			children = (
				7537A4082460B8360057AD49 /* Date+Extensions.swift */,
			);
			path = Extensions;
			sourceTree = "<group>";
		};
		7577D0B92460865F00708244 /* AI Alarm */ = {
			isa = PBXGroup;
			children = (
				7537A4072460B8270057AD49 /* Extensions */,
				752B05042460A71400697D26 /* Assets */,
				7577D0BE2460949800708244 /* Util */,
				E797F9002460910200F1D359 /* Cell */,
				7577D0BA2460866800708244 /* Models */,
				7577D0BB2460866D00708244 /* Screens */,
			);
			path = "AI Alarm";
			sourceTree = "<group>";
		};
		7577D0BA2460866800708244 /* Models */ = {
			isa = PBXGroup;
			children = (
				7577D0BC2460883700708244 /* Alarm.swift */,
			);
			path = Models;
			sourceTree = "<group>";
		};
		7577D0BB2460866D00708244 /* Screens */ = {
			isa = PBXGroup;
			children = (
				7577D0C124609F9300708244 /* Alarms.storyboard */,
				7577D0C32460A64900708244 /* AlarmTableViewCell.swift */,
				7537A4052460AC3B0057AD49 /* AlarmsViewController.swift */,
				75AE72172461E04D003E3399 /* AddAlarmViewController.swift */,
				045CA3B224608D2D00D3243F /* Onboarding.storyboard */,
				045CA3B42460951300D3243F /* Onboarding1ViewController.swift */,
				043314E02461D1A6002F0221 /* OnboardingPageViewController.swift */,
				0409864B2463242F00F7A55F /* CameraSetupScreen.swift */,
			);
			path = Screens;
			sourceTree = "<group>";
		};
		7577D0BE2460949800708244 /* Util */ = {
			isa = PBXGroup;
			children = (
				7577D0BF246094B000708244 /* Database.swift */,
				75AE72152461DB96003E3399 /* AnyCodable.swift */,
				75DDF53E24632A0900889975 /* NotificationHelper.swift */,
				75DDF54324632F2300889975 /* AudioPlayer.swift */,
			);
			path = Util;
			sourceTree = "<group>";
		};
		75DDF54024632DC100889975 /* Sounds */ = {
			isa = PBXGroup;
			children = (
				75DDF54724634B9000889975 /* Alarm.mp3 */,
			);
			path = Sounds;
			sourceTree = "<group>";
		};
		AA16E5A02180843700D9E153 /* Cells */ = {
			isa = PBXGroup;
			children = (
				AA16E5A12180843700D9E153 /* InfoCell.swift */,
			);
			path = Cells;
			sourceTree = "<group>";
		};
		AA24751A2170A054000B6A31 /* Views */ = {
			isa = PBXGroup;
			children = (
				AA5B0EEB217E70000026FF23 /* CurvedView.swift */,
			);
			path = Views;
			sourceTree = "<group>";
		};
		AA5FEB7A21355CCC00F9BD4B /* Model */ = {
			isa = PBXGroup;
			children = (
				AA5FEB7B21355CCC00F9BD4B /* mobilenet_quant_v1_224.tflite */,
				AA5FEB7C21355CCC00F9BD4B /* labels.txt */,
			);
			path = Model;
			sourceTree = "<group>";
		};
		AA5FEB7F21355D0300F9BD4B /* Storyboards */ = {
			isa = PBXGroup;
			children = (
				AAE79E62213521DB00E7AC1F /* LaunchScreen.storyboard */,
				AAE79E5D213521DA00E7AC1F /* Main.storyboard */,
			);
			path = Storyboards;
			sourceTree = "<group>";
		};
		AAAB096C218981A30015A1F2 /* Extensions */ = {
			isa = PBXGroup;
			children = (
				AAAB096D218981FA0015A1F2 /* CVPixelBufferExtension.swift */,
				045CA3B62460975F00D3243F /* NSMutableAttributedString+Extensions.swift */,
			);
			path = Extensions;
			sourceTree = "<group>";
		};
		AABFCBB0213FE05000C0A67B /* ModelDataHandler */ = {
			isa = PBXGroup;
			children = (
				AABFCBB1213FE0B100C0A67B /* ModelDataHandler.swift */,
			);
			path = ModelDataHandler;
			sourceTree = "<group>";
		};
		AAE79E4D213521DA00E7AC1F = {
			isa = PBXGroup;
			children = (
				AAE79E58213521DA00E7AC1F /* ImageClassification */,
				AAE79E57213521DA00E7AC1F /* Products */,
				2121CCF34F73FF6AC95AFD6C /* Pods */,
				6C2355588BC9526892FAB643 /* Frameworks */,
			);
			sourceTree = "<group>";
		};
		AAE79E57213521DA00E7AC1F /* Products */ = {
			isa = PBXGroup;
			children = (
				AAE79E56213521DA00E7AC1F /* Get Up!.app */,
			);
			name = Products;
			sourceTree = "<group>";
		};
		AAE79E58213521DA00E7AC1F /* ImageClassification */ = {
			isa = PBXGroup;
			children = (
				7577D0B92460865F00708244 /* AI Alarm */,
				AAAB096C218981A30015A1F2 /* Extensions */,
				AA16E5A02180843700D9E153 /* Cells */,
				AA24751A2170A054000B6A31 /* Views */,
				AABFCBB0213FE05000C0A67B /* ModelDataHandler */,
				AAE79E932135236700E7AC1F /* ViewControllers */,
				AAE79E972135268800E7AC1F /* Camera Feed */,
				AA5FEB7A21355CCC00F9BD4B /* Model */,
				AA5FEB7F21355D0300F9BD4B /* Storyboards */,
				AAE79E59213521DA00E7AC1F /* AppDelegate.swift */,
				AAE79E60213521DB00E7AC1F /* Assets.xcassets */,
				AAE79E65213521DB00E7AC1F /* Info.plist */,
			);
			path = ImageClassification;
			sourceTree = "<group>";
		};
		AAE79E932135236700E7AC1F /* ViewControllers */ = {
			isa = PBXGroup;
			children = (
				AAE79E942135237A00E7AC1F /* ViewController.swift */,
				AA5B0EE9217E5E300026FF23 /* InferenceViewController.swift */,
				E7DAF13D245B69BC0073E8C2 /* ResultsViewController.swift */,
			);
			path = ViewControllers;
			sourceTree = "<group>";
		};
		AAE79E972135268800E7AC1F /* Camera Feed */ = {
			isa = PBXGroup;
			children = (
				AAE79E982135268800E7AC1F /* PreviewView.swift */,
				AAE79E992135268800E7AC1F /* CameraFeedManager.swift */,
			);
			path = "Camera Feed";
			sourceTree = "<group>";
		};
		E797F9002460910200F1D359 /* Cell */ = {
			isa = PBXGroup;
			children = (
				E797F9012460912000F1D359 /* ResultTableViewCell.swift */,
			);
			path = Cell;
			sourceTree = "<group>";
		};
/* End PBXGroup section */

/* Begin PBXNativeTarget section */
		AAE79E55213521DA00E7AC1F /* ImageClassification */ = {
			isa = PBXNativeTarget;
			buildConfigurationList = AAE79E7E213521DB00E7AC1F /* Build configuration list for PBXNativeTarget "ImageClassification" */;
			buildPhases = (
				525554238A5606E1D59BBEAB /* [CP] Check Pods Manifest.lock */,
				AA055D8B2162320A00B25948 /* ShellScript */,
				AAE79E52213521DA00E7AC1F /* Sources */,
				AAE79E53213521DA00E7AC1F /* Frameworks */,
				AAE79E54213521DA00E7AC1F /* Resources */,
				A173D4C910F37655878C54BB /* [CP] Embed Pods Frameworks */,
			);
			buildRules = (
			);
			dependencies = (
			);
			name = ImageClassification;
			productName = ImageClassification;
			productReference = AAE79E56213521DA00E7AC1F /* Get Up!.app */;
			productType = "com.apple.product-type.application";
		};
/* End PBXNativeTarget section */

/* Begin PBXProject section */
		AAE79E4E213521DA00E7AC1F /* Project object */ = {
			isa = PBXProject;
			attributes = {
				LastSwiftUpdateCheck = 0940;
				LastUpgradeCheck = 0940;
				ORGANIZATIONNAME = "Y Media Labs";
				TargetAttributes = {
					AAE79E55213521DA00E7AC1F = {
						CreatedOnToolsVersion = 9.4.1;
						LastSwiftMigration = 1110;
					};
				};
			};
			buildConfigurationList = AAE79E51213521DA00E7AC1F /* Build configuration list for PBXProject "ImageClassification" */;
			compatibilityVersion = "Xcode 9.3";
			developmentRegion = en;
			hasScannedForEncodings = 0;
			knownRegions = (
				en,
				Base,
			);
			mainGroup = AAE79E4D213521DA00E7AC1F;
			productRefGroup = AAE79E57213521DA00E7AC1F /* Products */;
			projectDirPath = "";
			projectRoot = "";
			targets = (
				AAE79E55213521DA00E7AC1F /* ImageClassification */,
			);
		};
/* End PBXProject section */

/* Begin PBXResourcesBuildPhase section */
		AAE79E54213521DA00E7AC1F /* Resources */ = {
			isa = PBXResourcesBuildPhase;
			buildActionMask = 2147483647;
			files = (
				7537A4042460AA680057AD49 /* SFMono-Regular.otf in Resources */,
				AAE79E64213521DB00E7AC1F /* LaunchScreen.storyboard in Resources */,
				AAE79E61213521DB00E7AC1F /* Assets.xcassets in Resources */,
				75DDF54824634B9000889975 /* Alarm.mp3 in Resources */,
				752B050B2460A7AD00697D26 /* SFProDisplay-Thin.ttf in Resources */,
				7577D0C224609F9300708244 /* Alarms.storyboard in Resources */,
				752B05072460A76B00697D26 /* SFProDisplay-Regular.ttf in Resources */,
				AA5FEB7E21355CCC00F9BD4B /* labels.txt in Resources */,
				045CA3B324608D2D00D3243F /* Onboarding.storyboard in Resources */,
				AAE79E5F213521DA00E7AC1F /* Main.storyboard in Resources */,
				AA5FEB7D21355CCC00F9BD4B /* mobilenet_quant_v1_224.tflite in Resources */,
				752B05092460A78D00697D26 /* SFProDisplay-Bold.ttf in Resources */,
			);
			runOnlyForDeploymentPostprocessing = 0;
		};
/* End PBXResourcesBuildPhase section */

/* Begin PBXShellScriptBuildPhase section */
		525554238A5606E1D59BBEAB /* [CP] Check Pods Manifest.lock */ = {
			isa = PBXShellScriptBuildPhase;
			buildActionMask = 2147483647;
			files = (
			);
			inputFileListPaths = (
			);
			inputPaths = (
				"${PODS_PODFILE_DIR_PATH}/Podfile.lock",
				"${PODS_ROOT}/Manifest.lock",
			);
			name = "[CP] Check Pods Manifest.lock";
			outputFileListPaths = (
			);
			outputPaths = (
				"$(DERIVED_FILE_DIR)/Pods-ImageClassification-checkManifestLockResult.txt",
			);
			runOnlyForDeploymentPostprocessing = 0;
			shellPath = /bin/sh;
			shellScript = "diff \"${PODS_PODFILE_DIR_PATH}/Podfile.lock\" \"${PODS_ROOT}/Manifest.lock\" > /dev/null\nif [ $? != 0 ] ; then\n    # print error to STDERR\n    echo \"error: The sandbox is not in sync with the Podfile.lock. Run 'pod install' or update your CocoaPods installation.\" >&2\n    exit 1\nfi\n# This output is used by Xcode 'outputs' to avoid re-running this script phase.\necho \"SUCCESS\" > \"${SCRIPT_OUTPUT_FILE_0}\"\n";
			showEnvVarsInLog = 0;
		};
		A173D4C910F37655878C54BB /* [CP] Embed Pods Frameworks */ = {
			isa = PBXShellScriptBuildPhase;
			buildActionMask = 2147483647;
			files = (
			);
			inputFileListPaths = (
				"${PODS_ROOT}/Target Support Files/Pods-ImageClassification/Pods-ImageClassification-frameworks-${CONFIGURATION}-input-files.xcfilelist",
			);
			name = "[CP] Embed Pods Frameworks";
			outputFileListPaths = (
				"${PODS_ROOT}/Target Support Files/Pods-ImageClassification/Pods-ImageClassification-frameworks-${CONFIGURATION}-output-files.xcfilelist",
			);
			runOnlyForDeploymentPostprocessing = 0;
			shellPath = /bin/sh;
			shellScript = "\"${PODS_ROOT}/Target Support Files/Pods-ImageClassification/Pods-ImageClassification-frameworks.sh\"\n";
			showEnvVarsInLog = 0;
		};
		AA055D8B2162320A00B25948 /* ShellScript */ = {
			isa = PBXShellScriptBuildPhase;
			buildActionMask = 2147483647;
			files = (
			);
			inputFileListPaths = (
			);
			inputPaths = (
			);
			outputFileListPaths = (
			);
			outputPaths = (
			);
			runOnlyForDeploymentPostprocessing = 0;
			shellPath = /bin/sh;
			shellScript = "# Type a script or drag a script file from your workspace to insert its path.\n\"$SRCROOT/RunScripts/download_models.sh\"\n";
		};
/* End PBXShellScriptBuildPhase section */

/* Begin PBXSourcesBuildPhase section */
		AAE79E52213521DA00E7AC1F /* Sources */ = {
			isa = PBXSourcesBuildPhase;
			buildActionMask = 2147483647;
			files = (
				E797F9022460912000F1D359 /* ResultTableViewCell.swift in Sources */,
				AAE79E952135237A00E7AC1F /* ViewController.swift in Sources */,
				7577D0C0246094B000708244 /* Database.swift in Sources */,
				75AE72162461DB96003E3399 /* AnyCodable.swift in Sources */,
				75DDF53F24632A0900889975 /* NotificationHelper.swift in Sources */,
				AA5B0EEC217E70000026FF23 /* CurvedView.swift in Sources */,
				045CA3B52460951300D3243F /* Onboarding1ViewController.swift in Sources */,
				AAE79E9A2135268800E7AC1F /* PreviewView.swift in Sources */,
				043314E12461D1A6002F0221 /* OnboardingPageViewController.swift in Sources */,
				E7DAF13E245B69BC0073E8C2 /* ResultsViewController.swift in Sources */,
				AAE79E9B2135268800E7AC1F /* CameraFeedManager.swift in Sources */,
				7537A4062460AC3B0057AD49 /* AlarmsViewController.swift in Sources */,
				AAAB096E218981FA0015A1F2 /* CVPixelBufferExtension.swift in Sources */,
				045CA3B72460975F00D3243F /* NSMutableAttributedString+Extensions.swift in Sources */,
				AA16E5A22180843800D9E153 /* InfoCell.swift in Sources */,
				0409864C2463242F00F7A55F /* CameraSetupScreen.swift in Sources */,
				AABFCBB2213FE0B100C0A67B /* ModelDataHandler.swift in Sources */,
				75DDF54424632F2300889975 /* AudioPlayer.swift in Sources */,
				7537A4092460B8360057AD49 /* Date+Extensions.swift in Sources */,
				7577D0BD2460883700708244 /* Alarm.swift in Sources */,
				75AE72182461E04D003E3399 /* AddAlarmViewController.swift in Sources */,
				AA5B0EEA217E5E300026FF23 /* InferenceViewController.swift in Sources */,
				AAE79E5A213521DA00E7AC1F /* AppDelegate.swift in Sources */,
				7577D0C42460A64900708244 /* AlarmTableViewCell.swift in Sources */,
			);
			runOnlyForDeploymentPostprocessing = 0;
		};
/* End PBXSourcesBuildPhase section */

/* Begin PBXVariantGroup section */
		AAE79E5D213521DA00E7AC1F /* Main.storyboard */ = {
			isa = PBXVariantGroup;
			children = (
				AAE79E5E213521DA00E7AC1F /* Base */,
			);
			name = Main.storyboard;
			sourceTree = "<group>";
		};
		AAE79E62213521DB00E7AC1F /* LaunchScreen.storyboard */ = {
			isa = PBXVariantGroup;
			children = (
				AAE79E63213521DB00E7AC1F /* Base */,
			);
			name = LaunchScreen.storyboard;
			sourceTree = "<group>";
		};
/* End PBXVariantGroup section */

/* Begin XCBuildConfiguration section */
		AAE79E7C213521DB00E7AC1F /* Debug */ = {
			isa = XCBuildConfiguration;
			buildSettings = {
				ALWAYS_SEARCH_USER_PATHS = NO;
				CLANG_ANALYZER_NONNULL = YES;
				CLANG_ANALYZER_NUMBER_OBJECT_CONVERSION = YES_AGGRESSIVE;
				CLANG_CXX_LANGUAGE_STANDARD = "gnu++14";
				CLANG_CXX_LIBRARY = "libc++";
				CLANG_ENABLE_MODULES = YES;
				CLANG_ENABLE_OBJC_ARC = YES;
				CLANG_ENABLE_OBJC_WEAK = YES;
				CLANG_WARN_BLOCK_CAPTURE_AUTORELEASING = YES;
				CLANG_WARN_BOOL_CONVERSION = YES;
				CLANG_WARN_COMMA = YES;
				CLANG_WARN_CONSTANT_CONVERSION = YES;
				CLANG_WARN_DEPRECATED_OBJC_IMPLEMENTATIONS = YES;
				CLANG_WARN_DIRECT_OBJC_ISA_USAGE = YES_ERROR;
				CLANG_WARN_DOCUMENTATION_COMMENTS = YES;
				CLANG_WARN_EMPTY_BODY = YES;
				CLANG_WARN_ENUM_CONVERSION = YES;
				CLANG_WARN_INFINITE_RECURSION = YES;
				CLANG_WARN_INT_CONVERSION = YES;
				CLANG_WARN_NON_LITERAL_NULL_CONVERSION = YES;
				CLANG_WARN_OBJC_IMPLICIT_RETAIN_SELF = YES;
				CLANG_WARN_OBJC_LITERAL_CONVERSION = YES;
				CLANG_WARN_OBJC_ROOT_CLASS = YES_ERROR;
				CLANG_WARN_RANGE_LOOP_ANALYSIS = YES;
				CLANG_WARN_STRICT_PROTOTYPES = YES;
				CLANG_WARN_SUSPICIOUS_MOVE = YES;
				CLANG_WARN_UNGUARDED_AVAILABILITY = YES_AGGRESSIVE;
				CLANG_WARN_UNREACHABLE_CODE = YES;
				CLANG_WARN__DUPLICATE_METHOD_MATCH = YES;
				CODE_SIGN_IDENTITY = "iPhone Developer";
				COPY_PHASE_STRIP = NO;
				DEBUG_INFORMATION_FORMAT = dwarf;
				ENABLE_STRICT_OBJC_MSGSEND = YES;
				ENABLE_TESTABILITY = YES;
				GCC_C_LANGUAGE_STANDARD = gnu11;
				GCC_DYNAMIC_NO_PIC = NO;
				GCC_NO_COMMON_BLOCKS = YES;
				GCC_OPTIMIZATION_LEVEL = 0;
				GCC_PREPROCESSOR_DEFINITIONS = (
					"DEBUG=1",
					"$(inherited)",
				);
				GCC_WARN_64_TO_32_BIT_CONVERSION = YES;
				GCC_WARN_ABOUT_RETURN_TYPE = YES_ERROR;
				GCC_WARN_UNDECLARED_SELECTOR = YES;
				GCC_WARN_UNINITIALIZED_AUTOS = YES_AGGRESSIVE;
				GCC_WARN_UNUSED_FUNCTION = YES;
				GCC_WARN_UNUSED_VARIABLE = YES;
				IPHONEOS_DEPLOYMENT_TARGET = 11.4;
				MTL_ENABLE_DEBUG_INFO = YES;
				ONLY_ACTIVE_ARCH = YES;
				SDKROOT = iphoneos;
				SWIFT_ACTIVE_COMPILATION_CONDITIONS = DEBUG;
				SWIFT_OPTIMIZATION_LEVEL = "-Onone";
				SWIFT_VERSION = 4.2;
			};
			name = Debug;
		};
		AAE79E7D213521DB00E7AC1F /* Release */ = {
			isa = XCBuildConfiguration;
			buildSettings = {
				ALWAYS_SEARCH_USER_PATHS = NO;
				CLANG_ANALYZER_NONNULL = YES;
				CLANG_ANALYZER_NUMBER_OBJECT_CONVERSION = YES_AGGRESSIVE;
				CLANG_CXX_LANGUAGE_STANDARD = "gnu++14";
				CLANG_CXX_LIBRARY = "libc++";
				CLANG_ENABLE_MODULES = YES;
				CLANG_ENABLE_OBJC_ARC = YES;
				CLANG_ENABLE_OBJC_WEAK = YES;
				CLANG_WARN_BLOCK_CAPTURE_AUTORELEASING = YES;
				CLANG_WARN_BOOL_CONVERSION = YES;
				CLANG_WARN_COMMA = YES;
				CLANG_WARN_CONSTANT_CONVERSION = YES;
				CLANG_WARN_DEPRECATED_OBJC_IMPLEMENTATIONS = YES;
				CLANG_WARN_DIRECT_OBJC_ISA_USAGE = YES_ERROR;
				CLANG_WARN_DOCUMENTATION_COMMENTS = YES;
				CLANG_WARN_EMPTY_BODY = YES;
				CLANG_WARN_ENUM_CONVERSION = YES;
				CLANG_WARN_INFINITE_RECURSION = YES;
				CLANG_WARN_INT_CONVERSION = YES;
				CLANG_WARN_NON_LITERAL_NULL_CONVERSION = YES;
				CLANG_WARN_OBJC_IMPLICIT_RETAIN_SELF = YES;
				CLANG_WARN_OBJC_LITERAL_CONVERSION = YES;
				CLANG_WARN_OBJC_ROOT_CLASS = YES_ERROR;
				CLANG_WARN_RANGE_LOOP_ANALYSIS = YES;
				CLANG_WARN_STRICT_PROTOTYPES = YES;
				CLANG_WARN_SUSPICIOUS_MOVE = YES;
				CLANG_WARN_UNGUARDED_AVAILABILITY = YES_AGGRESSIVE;
				CLANG_WARN_UNREACHABLE_CODE = YES;
				CLANG_WARN__DUPLICATE_METHOD_MATCH = YES;
				CODE_SIGN_IDENTITY = "iPhone Developer";
				COPY_PHASE_STRIP = NO;
				DEBUG_INFORMATION_FORMAT = "dwarf-with-dsym";
				ENABLE_NS_ASSERTIONS = NO;
				ENABLE_STRICT_OBJC_MSGSEND = YES;
				GCC_C_LANGUAGE_STANDARD = gnu11;
				GCC_NO_COMMON_BLOCKS = YES;
				GCC_WARN_64_TO_32_BIT_CONVERSION = YES;
				GCC_WARN_ABOUT_RETURN_TYPE = YES_ERROR;
				GCC_WARN_UNDECLARED_SELECTOR = YES;
				GCC_WARN_UNINITIALIZED_AUTOS = YES_AGGRESSIVE;
				GCC_WARN_UNUSED_FUNCTION = YES;
				GCC_WARN_UNUSED_VARIABLE = YES;
				IPHONEOS_DEPLOYMENT_TARGET = 11.4;
				MTL_ENABLE_DEBUG_INFO = NO;
				SDKROOT = iphoneos;
				SWIFT_COMPILATION_MODE = wholemodule;
				SWIFT_OPTIMIZATION_LEVEL = "-O";
				SWIFT_VERSION = 4.2;
				VALIDATE_PRODUCT = YES;
			};
			name = Release;
		};
		AAE79E7F213521DB00E7AC1F /* Debug */ = {
			isa = XCBuildConfiguration;
			baseConfigurationReference = C1082DD6654FFCDAEA2E97A3 /* Pods-ImageClassification.debug.xcconfig */;
			buildSettings = {
				ASSETCATALOG_COMPILER_APPICON_NAME = AppIcon;
				CLANG_ENABLE_MODULES = YES;
				CODE_SIGN_STYLE = Automatic;
				DEVELOPMENT_TEAM = 66X93R6BN6;
				FRAMEWORK_SEARCH_PATHS = (
					"$(inherited)",
					"$(PROJECT_DIR)",
				);
				INFOPLIST_FILE = ImageClassification/Info.plist;
				IPHONEOS_DEPLOYMENT_TARGET = 13.0;
				LD_RUNPATH_SEARCH_PATHS = (
					"$(inherited)",
					"@executable_path/Frameworks",
				);
				PRODUCT_BUNDLE_IDENTIFIER = com.rodrigowoulddo.getup;
				PRODUCT_NAME = "Get Up!";
				SWIFT_OBJC_BRIDGING_HEADER = "";
				SWIFT_OPTIMIZATION_LEVEL = "-Onone";
				SWIFT_VERSION = 5.0;
				TARGETED_DEVICE_FAMILY = 1;
			};
			name = Debug;
		};
		AAE79E80213521DB00E7AC1F /* Release */ = {
			isa = XCBuildConfiguration;
			baseConfigurationReference = AF4302742A60273F487FDE66 /* Pods-ImageClassification.release.xcconfig */;
			buildSettings = {
				ASSETCATALOG_COMPILER_APPICON_NAME = AppIcon;
				CLANG_ENABLE_MODULES = YES;
				CODE_SIGN_STYLE = Automatic;
				DEVELOPMENT_TEAM = 66X93R6BN6;
				FRAMEWORK_SEARCH_PATHS = (
					"$(inherited)",
					"$(PROJECT_DIR)",
				);
				INFOPLIST_FILE = ImageClassification/Info.plist;
				IPHONEOS_DEPLOYMENT_TARGET = 13.0;
				LD_RUNPATH_SEARCH_PATHS = (
					"$(inherited)",
					"@executable_path/Frameworks",
				);
				PRODUCT_BUNDLE_IDENTIFIER = com.rodrigowoulddo.getup;
				PRODUCT_NAME = "Get Up!";
				SWIFT_OBJC_BRIDGING_HEADER = "";
				SWIFT_VERSION = 5.0;
				TARGETED_DEVICE_FAMILY = 1;
			};
			name = Release;
		};
/* End XCBuildConfiguration section */

/* Begin XCConfigurationList section */
		AAE79E51213521DA00E7AC1F /* Build configuration list for PBXProject "ImageClassification" */ = {
			isa = XCConfigurationList;
			buildConfigurations = (
				AAE79E7C213521DB00E7AC1F /* Debug */,
				AAE79E7D213521DB00E7AC1F /* Release */,
			);
			defaultConfigurationIsVisible = 0;
			defaultConfigurationName = Release;
		};
		AAE79E7E213521DB00E7AC1F /* Build configuration list for PBXNativeTarget "ImageClassification" */ = {
			isa = XCConfigurationList;
			buildConfigurations = (
				AAE79E7F213521DB00E7AC1F /* Debug */,
				AAE79E80213521DB00E7AC1F /* Release */,
			);
			defaultConfigurationIsVisible = 0;
			defaultConfigurationName = Release;
		};
/* End XCConfigurationList section */
	};
	rootObject = AAE79E4E213521DA00E7AC1F /* Project object */;
}
